
Microsoft Visual Studio Solution File, Format Version 12.00
# Visual Studio Version 17
VisualStudioVersion = 17.13.35931.197 d17.13
MinimumVisualStudioVersion = 10.0.40219.1
Project("{FAE04EC0-301F-11D3-BF4B-00C04F79EFBC}") = "C#StokTakip", "C#StokTakip\C#StokTakip.csproj", "{B13C2F94-C22E-48EB-8850-D316E2F90C7D}"
EndProject
Global
	GlobalSection(SolutionConfigurationPlatforms) = preSolution
		Debug|Any CPU = Debug|Any CPU
		Release|Any CPU = Release|Any CPU
	EndGlobalSection
	GlobalSection(ProjectConfigurationPlatforms) = postSolution
		{B13C2F94-C22E-48EB-8850-D316E2F90C7D}.Debug|Any CPU.ActiveCfg = Debug|Any CPU
		{B13C2F94-C22E-48EB-8850-D316E2F90C7D}.Debug|Any CPU.Build.0 = Debug|Any CPU
		{B13C2F94-C22E-48EB-8850-D316E2F90C7D}.Release|Any CPU.ActiveCfg = Release|Any CPU
		{B13C2F94-C22E-48EB-8850-D316E2F90C7D}.Release|Any CPU.Build.0 = Release|Any CPU
	EndGlobalSection
	GlobalSection(SolutionProperties) = preSolution
		HideSolutionNode = FALSE
	EndGlobalSection
	GlobalSection(ExtensibilityGlobals) = postSolution
		SolutionGuid = {058C17F9-790B-466F-8635-68F5BACD3472}
	EndGlobalSection
EndGlobal
